
Microsoft Visual Studio Solution File, Format Version 12.00
# Visual Studio Version 16
VisualStudioVersion = 16.0.33423.256
MinimumVisualStudioVersion = 10.0.40219.1
Project("{FAE04EC0-301F-11D3-BF4B-00C04F79EFBC}") = "WebAppTutorial", "WebAppTutorial.csproj", "{B5C2FD3B-EA26-4026-A911-B70A43151DAD}"
EndProject
Global
	GlobalSection(SolutionConfigurationPlatforms) = preSolution
		Debug|Any CPU = Debug|Any CPU
		Release|Any CPU = Release|Any CPU
	EndGlobalSection
	GlobalSection(ProjectConfigurationPlatforms) = postSolution
		{B5C2FD3B-EA26-4026-A911-B70A43151DAD}.Debug|Any CPU.ActiveCfg = Debug|Any CPU
		{B5C2FD3B-EA26-4026-A911-B70A43151DAD}.Debug|Any CPU.Build.0 = Debug|Any CPU
		{B5C2FD3B-EA26-4026-A911-B70A43151DAD}.Release|Any CPU.ActiveCfg = Release|Any CPU
		{B5C2FD3B-EA26-4026-A911-B70A43151DAD}.Release|Any CPU.Build.0 = Release|Any CPU
	EndGlobalSection
	GlobalSection(SolutionProperties) = preSolution
		HideSolutionNode = FALSE
	EndGlobalSection
	GlobalSection(ExtensibilityGlobals) = postSolution
		SolutionGuid = {FF55FB1E-A857-46B4-A4A6-C31EDC552F7F}
	EndGlobalSection
EndGlobal
